{
  "pid": 3349575,
  "version": "2.1.265",
  "jsonPath": "/home/jellypai/.claude/daemon.json",
  "logPath": "/home/jellypai/.claude/daemon.log",
  "startedAt": 1788900449856,
  "origin": "transient",
  "spawnedBy": {
    "label": "claude",
    "cwd": "/home/jellypai/.claude",
    "pid": 1208573
  },
  "procStart": "198656003",
  "launchTarget": "/home/jellypai/.bun/install/global/node_modules/@anthropic-ai/claude-code-linux-x64/claude",
  "processWrapper": ""
}