{
  "pid": 582811,
  "version": "2.1.270",
  "jsonPath": "/home/jellypai/.claude/daemon.json",
  "logPath": "/home/jellypai/.claude/daemon.log",
  "startedAt": 1789243324021,
  "origin": "transient",
  "spawnedBy": {
    "label": "claude",
    "cwd": "/home/jellypai/.claude",
    "pid": 3932717
  },
  "procStart": "17319613",
  "launchTarget": "/home/jellypai/.bun/install/global/node_modules/@anthropic-ai/claude-code-linux-x64/claude",
  "processWrapper": ""
}